
Microsoft Visual Studio Solution File, Format Version 10.00
# Visual Studio 2008
Project("{FAE04EC0-301F-11D3-BF4B-00C04F79EFBC}") = "Core", "Core\Core.csproj", "{B93B2B20-2784-4EFB-8613-6E194795B4DB}"
EndProject
Project("{FAE04EC0-301F-11D3-BF4B-00C04F79EFBC}") = "Tools", "Tools\Tools.csproj", "{5973DC56-0978-4175-9EC4-AA8503A6DAE9}"
EndProject
Project("{2150E333-8FDC-42A3-9474-1A3956D46DE8}") = "Solution Items", "Solution Items", "{2C165BDB-E9B3-4E35-87C9-74F5C011D1CA}"
	ProjectSection(SolutionItems) = preProject
		build.bat = build.bat
		TestOriented.build = TestOriented.build
		Version.xml = Version.xml
	EndProjectSection
EndProject
Project("{FAE04EC0-301F-11D3-BF4B-00C04F79EFBC}") = "Eclipse", "Eclipse\Eclipse.csproj", "{8BFF59A3-F0D2-4D97-88F3-7D8E52D19A38}"
EndProject
Project("{FAE04EC0-301F-11D3-BF4B-00C04F79EFBC}") = "NRefactory", "NRefactory\NRefactory.csproj", "{78DF77DD-5BA5-4155-B58E-5C178FB79F7A}"
EndProject
Global
	GlobalSection(SolutionConfigurationPlatforms) = preSolution
		Debug|Any CPU = Debug|Any CPU
		Release|Any CPU = Release|Any CPU
	EndGlobalSection
	GlobalSection(ProjectConfigurationPlatforms) = postSolution
		{B93B2B20-2784-4EFB-8613-6E194795B4DB}.Debug|Any CPU.ActiveCfg = Debug|Any CPU
		{B93B2B20-2784-4EFB-8613-6E194795B4DB}.Debug|Any CPU.Build.0 = Debug|Any CPU
		{B93B2B20-2784-4EFB-8613-6E194795B4DB}.Release|Any CPU.ActiveCfg = Release|Any CPU
		{B93B2B20-2784-4EFB-8613-6E194795B4DB}.Release|Any CPU.Build.0 = Release|Any CPU
		{5973DC56-0978-4175-9EC4-AA8503A6DAE9}.Debug|Any CPU.ActiveCfg = Debug|Any CPU
		{5973DC56-0978-4175-9EC4-AA8503A6DAE9}.Release|Any CPU.ActiveCfg = Release|Any CPU
		{8BFF59A3-F0D2-4D97-88F3-7D8E52D19A38}.Debug|Any CPU.ActiveCfg = Debug|Any CPU
		{8BFF59A3-F0D2-4D97-88F3-7D8E52D19A38}.Release|Any CPU.ActiveCfg = Release|Any CPU
		{78DF77DD-5BA5-4155-B58E-5C178FB79F7A}.Debug|Any CPU.ActiveCfg = Debug|Any CPU
		{78DF77DD-5BA5-4155-B58E-5C178FB79F7A}.Debug|Any CPU.Build.0 = Debug|Any CPU
		{78DF77DD-5BA5-4155-B58E-5C178FB79F7A}.Release|Any CPU.ActiveCfg = Release|Any CPU
		{78DF77DD-5BA5-4155-B58E-5C178FB79F7A}.Release|Any CPU.Build.0 = Release|Any CPU
	EndGlobalSection
	GlobalSection(SolutionProperties) = preSolution
		HideSolutionNode = FALSE
	EndGlobalSection
EndGlobal
